{
  "name": "@myorg/scrypted-webrtc-bridge",
  "version": "0.0.1",
  "lockfileVersion": 2,
  "requires": true,
  "packages": {
    "": {
      "name": "@myorg/scrypted-webrtc-bridge",
      "version": "0.0.1",
      "dependencies": {
        "@scrypted/common": "file:../../common",
        "@scrypted/sdk": "file:../../sdk"
      }
    }
  }
}
